
Microsoft Visual Studio Solution File, Format Version 12.00
# Visual Studio Version 17
VisualStudioVersion = 17.1.32210.238
MinimumVisualStudioVersion = 10.0.40219.1
Project("{FAE04EC0-301F-11D3-BF4B-00C04F79EFBC}") = "Test", "Test\Test.csproj", "{ECEEA518-9DC8-4A49-88DF-662867CF15EE}"
EndProject
Project("{FAE04EC0-301F-11D3-BF4B-00C04F79EFBC}") = "Catalyst", "Catalyst\Catalyst.csproj", "{2BD117D1-8652-41CD-AE7E-2BFD05A0BAC9}"
EndProject
Project("{FAE04EC0-301F-11D3-BF4B-00C04F79EFBC}") = "Catalyst.Test", "Catalyst.Test\Catalyst.Test.csproj", "{8D23F32B-83BD-4F53-8AAA-ED2E8177CBD5}"
EndProject
Global
	GlobalSection(SolutionConfigurationPlatforms) = preSolution
		Debug|Any CPU = Debug|Any CPU
		Release|Any CPU = Release|Any CPU
	EndGlobalSection
	GlobalSection(ProjectConfigurationPlatforms) = postSolution
		{ECEEA518-9DC8-4A49-88DF-662867CF15EE}.Debug|Any CPU.ActiveCfg = Debug|Any CPU
		{ECEEA518-9DC8-4A49-88DF-662867CF15EE}.Debug|Any CPU.Build.0 = Debug|Any CPU
		{ECEEA518-9DC8-4A49-88DF-662867CF15EE}.Release|Any CPU.ActiveCfg = Release|Any CPU
		{ECEEA518-9DC8-4A49-88DF-662867CF15EE}.Release|Any CPU.Build.0 = Release|Any CPU
		{2BD117D1-8652-41CD-AE7E-2BFD05A0BAC9}.Debug|Any CPU.ActiveCfg = Debug|Any CPU
		{2BD117D1-8652-41CD-AE7E-2BFD05A0BAC9}.Debug|Any CPU.Build.0 = Debug|Any CPU
		{2BD117D1-8652-41CD-AE7E-2BFD05A0BAC9}.Release|Any CPU.ActiveCfg = Release|Any CPU
		{2BD117D1-8652-41CD-AE7E-2BFD05A0BAC9}.Release|Any CPU.Build.0 = Release|Any CPU
		{8D23F32B-83BD-4F53-8AAA-ED2E8177CBD5}.Debug|Any CPU.ActiveCfg = Debug|Any CPU
		{8D23F32B-83BD-4F53-8AAA-ED2E8177CBD5}.Debug|Any CPU.Build.0 = Debug|Any CPU
		{8D23F32B-83BD-4F53-8AAA-ED2E8177CBD5}.Release|Any CPU.ActiveCfg = Release|Any CPU
		{8D23F32B-83BD-4F53-8AAA-ED2E8177CBD5}.Release|Any CPU.Build.0 = Release|Any CPU
	EndGlobalSection
	GlobalSection(SolutionProperties) = preSolution
		HideSolutionNode = FALSE
	EndGlobalSection
	GlobalSection(ExtensibilityGlobals) = postSolution
		SolutionGuid = {B5FF9BB6-B502-42A2-A366-BC7FC6E5F21B}
	EndGlobalSection
EndGlobal
